
Microsoft Visual Studio Solution File, Format Version 12.00
# Visual Studio Version 17
VisualStudioVersion = 17.9.34902.65
MinimumVisualStudioVersion = 10.0.40219.1
Project("{9A19103F-16F7-4668-BE54-9A1E7A4F7556}") = "CookBook.Services", "CookBook.Services\CookBook.Services.csproj", "{FCD4C25F-6407-4893-A1D9-7A3DA651F501}"
EndProject
Project("{FAE04EC0-301F-11D3-BF4B-00C04F79EFBC}") = "CookBook.Api", "CookBook.Api\CookBook.Api.csproj", "{4F5843ED-E9F5-47C2-B368-30C6DD81638F}"
EndProject
Project("{FAE04EC0-301F-11D3-BF4B-00C04F79EFBC}") = "CookBook.Repositories", "CookBook.Repositories\CookBook.Repositories.csproj", "{4A1E469B-E9B1-4B93-AA70-8A7C860422EB}"
EndProject
Project("{FAE04EC0-301F-11D3-BF4B-00C04F79EFBC}") = "CookBook.Models", "CookBook.Models\CookBook.Models.csproj", "{84EF6FB1-811E-4A07-8431-6CD6459A5E42}"
EndProject
Project("{FAE04EC0-301F-11D3-BF4B-00C04F79EFBC}") = "CookBook.Repositories.Models", "CookBook.Repositories.Models\CookBook.Repositories.Models.csproj", "{C57FCD45-BDBE-4AA0-AF37-7F819736F524}"
EndProject
Global
	GlobalSection(SolutionConfigurationPlatforms) = preSolution
		Debug|Any CPU = Debug|Any CPU
		Release|Any CPU = Release|Any CPU
	EndGlobalSection
	GlobalSection(ProjectConfigurationPlatforms) = postSolution
		{FCD4C25F-6407-4893-A1D9-7A3DA651F501}.Debug|Any CPU.ActiveCfg = Debug|Any CPU
		{FCD4C25F-6407-4893-A1D9-7A3DA651F501}.Debug|Any CPU.Build.0 = Debug|Any CPU
		{FCD4C25F-6407-4893-A1D9-7A3DA651F501}.Release|Any CPU.ActiveCfg = Release|Any CPU
		{FCD4C25F-6407-4893-A1D9-7A3DA651F501}.Release|Any CPU.Build.0 = Release|Any CPU
		{4F5843ED-E9F5-47C2-B368-30C6DD81638F}.Debug|Any CPU.ActiveCfg = Debug|Any CPU
		{4F5843ED-E9F5-47C2-B368-30C6DD81638F}.Debug|Any CPU.Build.0 = Debug|Any CPU
		{4F5843ED-E9F5-47C2-B368-30C6DD81638F}.Release|Any CPU.ActiveCfg = Release|Any CPU
		{4F5843ED-E9F5-47C2-B368-30C6DD81638F}.Release|Any CPU.Build.0 = Release|Any CPU
		{4A1E469B-E9B1-4B93-AA70-8A7C860422EB}.Debug|Any CPU.ActiveCfg = Debug|Any CPU
		{4A1E469B-E9B1-4B93-AA70-8A7C860422EB}.Debug|Any CPU.Build.0 = Debug|Any CPU
		{4A1E469B-E9B1-4B93-AA70-8A7C860422EB}.Release|Any CPU.ActiveCfg = Release|Any CPU
		{4A1E469B-E9B1-4B93-AA70-8A7C860422EB}.Release|Any CPU.Build.0 = Release|Any CPU
		{84EF6FB1-811E-4A07-8431-6CD6459A5E42}.Debug|Any CPU.ActiveCfg = Debug|Any CPU
		{84EF6FB1-811E-4A07-8431-6CD6459A5E42}.Debug|Any CPU.Build.0 = Debug|Any CPU
		{84EF6FB1-811E-4A07-8431-6CD6459A5E42}.Release|Any CPU.ActiveCfg = Release|Any CPU
		{84EF6FB1-811E-4A07-8431-6CD6459A5E42}.Release|Any CPU.Build.0 = Release|Any CPU
		{C57FCD45-BDBE-4AA0-AF37-7F819736F524}.Debug|Any CPU.ActiveCfg = Debug|Any CPU
		{C57FCD45-BDBE-4AA0-AF37-7F819736F524}.Debug|Any CPU.Build.0 = Debug|Any CPU
		{C57FCD45-BDBE-4AA0-AF37-7F819736F524}.Release|Any CPU.ActiveCfg = Release|Any CPU
		{C57FCD45-BDBE-4AA0-AF37-7F819736F524}.Release|Any CPU.Build.0 = Release|Any CPU
	EndGlobalSection
	GlobalSection(SolutionProperties) = preSolution
		HideSolutionNode = FALSE
	EndGlobalSection
	GlobalSection(ExtensibilityGlobals) = postSolution
		SolutionGuid = {C60F5A38-FB53-4CF0-97EF-E5E639E1115F}
	EndGlobalSection
EndGlobal
